[[package]]
name = "ffi-examples"
version = "0.1.0"
dependencies = [
 "unicode-reverse 1.0.6 (registry+https://github.com/rust-lang/crates.io-index)",
]

[[package]]
name = "unicode-reverse"
version = "1.0.6"
source = "registry+https://github.com/rust-lang/crates.io-index"
dependencies = [
 "unicode-segmentation 1.2.1 (registry+https://github.com/rust-lang/crates.io-index)",
]

[[package]]
name = "unicode-segmentation"
version = "1.2.1"
source = "registry+https://github.com/rust-lang/crates.io-index"

[metadata]
"checksum unicode-reverse 1.0.6 (registry+https://github.com/rust-lang/crates.io-index)" = "48cd9b6270b2a6ed22c95a5b7e84768e324964d5488b7fbc9c80b7a85d83312b"
"checksum unicode-segmentation 1.2.1 (registry+https://github.com/rust-lang/crates.io-index)" = "aa6024fc12ddfd1c6dbc14a80fa2324d4568849869b779f6bd37e5e4c03344d1"
